
Microsoft Visual Studio Solution File, Format Version 12.00
# Visual Studio Version 17
VisualStudioVersion = 17.1.32328.378
MinimumVisualStudioVersion = 10.0.40219.1
Project("{FAE04EC0-301F-11D3-BF4B-00C04F79EFBC}") = "TodoApplication", "TodoApplication.csproj", "{44F28B09-FF46-47F8-822B-D148B75F804A}"
EndProject
Global
	GlobalSection(SolutionConfigurationPlatforms) = preSolution
		Debug|Any CPU = Debug|Any CPU
		Release|Any CPU = Release|Any CPU
	EndGlobalSection
	GlobalSection(ProjectConfigurationPlatforms) = postSolution
		{44F28B09-FF46-47F8-822B-D148B75F804A}.Debug|Any CPU.ActiveCfg = Debug|Any CPU
		{44F28B09-FF46-47F8-822B-D148B75F804A}.Debug|Any CPU.Build.0 = Debug|Any CPU
		{44F28B09-FF46-47F8-822B-D148B75F804A}.Release|Any CPU.ActiveCfg = Release|Any CPU
		{44F28B09-FF46-47F8-822B-D148B75F804A}.Release|Any CPU.Build.0 = Release|Any CPU
	EndGlobalSection
	GlobalSection(SolutionProperties) = preSolution
		HideSolutionNode = FALSE
	EndGlobalSection
	GlobalSection(ExtensibilityGlobals) = postSolution
		SolutionGuid = {495E23B2-C299-4441-B81A-C77F68D496C5}
	EndGlobalSection
EndGlobal
